
Microsoft Visual Studio Solution File, Format Version 12.00
# Visual Studio Version 17
VisualStudioVersion = 17.11.35327.3
MinimumVisualStudioVersion = 10.0.40219.1
Project("{FAE04EC0-301F-11D3-BF4B-00C04F79EFBC}") = "kajagyakorlas", "kajagyakorlas\kajagyakorlas.csproj", "{4CB82FD1-0A37-4FD2-8B89-5226497F7E61}"
EndProject
Global
	GlobalSection(SolutionConfigurationPlatforms) = preSolution
		Debug|Any CPU = Debug|Any CPU
		Release|Any CPU = Release|Any CPU
	EndGlobalSection
	GlobalSection(ProjectConfigurationPlatforms) = postSolution
		{4CB82FD1-0A37-4FD2-8B89-5226497F7E61}.Debug|Any CPU.ActiveCfg = Debug|Any CPU
		{4CB82FD1-0A37-4FD2-8B89-5226497F7E61}.Debug|Any CPU.Build.0 = Debug|Any CPU
		{4CB82FD1-0A37-4FD2-8B89-5226497F7E61}.Release|Any CPU.ActiveCfg = Release|Any CPU
		{4CB82FD1-0A37-4FD2-8B89-5226497F7E61}.Release|Any CPU.Build.0 = Release|Any CPU
	EndGlobalSection
	GlobalSection(SolutionProperties) = preSolution
		HideSolutionNode = FALSE
	EndGlobalSection
	GlobalSection(ExtensibilityGlobals) = postSolution
		SolutionGuid = {0E6C3925-AF43-4411-9C6A-D49C403377E8}
	EndGlobalSection
EndGlobal
